
Microsoft Visual Studio Solution File, Format Version 12.00
# Visual Studio Version 16
VisualStudioVersion = 16.0.29519.87
MinimumVisualStudioVersion = 10.0.40219.1
Project("{FAE04EC0-301F-11D3-BF4B-00C04F79EFBC}") = "sample_wpf_nowindow", "sample_wpf_nowindow\sample_wpf_nowindow.csproj", "{DC1A8E18-54A7-491D-8EC7-1DF8611526B0}"
EndProject
Global
	GlobalSection(SolutionConfigurationPlatforms) = preSolution
		Debug|Any CPU = Debug|Any CPU
		Release|Any CPU = Release|Any CPU
	EndGlobalSection
	GlobalSection(ProjectConfigurationPlatforms) = postSolution
		{DC1A8E18-54A7-491D-8EC7-1DF8611526B0}.Debug|Any CPU.ActiveCfg = Debug|Any CPU
		{DC1A8E18-54A7-491D-8EC7-1DF8611526B0}.Debug|Any CPU.Build.0 = Debug|Any CPU
		{DC1A8E18-54A7-491D-8EC7-1DF8611526B0}.Release|Any CPU.ActiveCfg = Release|Any CPU
		{DC1A8E18-54A7-491D-8EC7-1DF8611526B0}.Release|Any CPU.Build.0 = Release|Any CPU
	EndGlobalSection
	GlobalSection(SolutionProperties) = preSolution
		HideSolutionNode = FALSE
	EndGlobalSection
	GlobalSection(ExtensibilityGlobals) = postSolution
		SolutionGuid = {9C71911E-BB2F-440A-AFBA-AF8CA33B19AE}
	EndGlobalSection
EndGlobal
